
Microsoft Visual Studio Solution File, Format Version 12.00
# Visual Studio Version 17
VisualStudioVersion = 17.10.34916.146
MinimumVisualStudioVersion = 10.0.40219.1
Project("{9A19103F-16F7-4668-BE54-9A1E7A4F7556}") = "OMS_ORDER_ID_TRAFFIC_LAMBDA", "OMS_ORDER_ID_TRAFFIC_LAMBDA.csproj", "{AEEC1233-2C54-4A9E-A5A7-135039FCAE2E}"
EndProject
Global
	GlobalSection(SolutionConfigurationPlatforms) = preSolution
		Debug|Any CPU = Debug|Any CPU
		Release|Any CPU = Release|Any CPU
	EndGlobalSection
	GlobalSection(ProjectConfigurationPlatforms) = postSolution
		{AEEC1233-2C54-4A9E-A5A7-135039FCAE2E}.Debug|Any CPU.ActiveCfg = Debug|Any CPU
		{AEEC1233-2C54-4A9E-A5A7-135039FCAE2E}.Debug|Any CPU.Build.0 = Debug|Any CPU
		{AEEC1233-2C54-4A9E-A5A7-135039FCAE2E}.Release|Any CPU.ActiveCfg = Release|Any CPU
		{AEEC1233-2C54-4A9E-A5A7-135039FCAE2E}.Release|Any CPU.Build.0 = Release|Any CPU
	EndGlobalSection
	GlobalSection(SolutionProperties) = preSolution
		HideSolutionNode = FALSE
	EndGlobalSection
	GlobalSection(ExtensibilityGlobals) = postSolution
		SolutionGuid = {BC1CA3C0-8815-4C2A-99B4-5292A6CC0F5D}
	EndGlobalSection
EndGlobal
